
Microsoft Visual Studio Solution File, Format Version 12.00
# Visual Studio Version 16
VisualStudioVersion = 16.0.30128.74
MinimumVisualStudioVersion = 10.0.40219.1
Project("{FAE04EC0-301F-11D3-BF4B-00C04F79EFBC}") = "Technology", "Technology\Technology.csproj", "{529AE8EA-224D-47A1-A1A2-6905CAB87CF0}"
EndProject
Project("{FAE04EC0-301F-11D3-BF4B-00C04F79EFBC}") = "TechnologyTests", "TechnologyTests\TechnologyTests.csproj", "{2602600E-35E7-4186-AACB-82F04A769F62}"
EndProject
Global
	GlobalSection(SolutionConfigurationPlatforms) = preSolution
		Debug|Any CPU = Debug|Any CPU
		Release|Any CPU = Release|Any CPU
	EndGlobalSection
	GlobalSection(ProjectConfigurationPlatforms) = postSolution
		{529AE8EA-224D-47A1-A1A2-6905CAB87CF0}.Debug|Any CPU.ActiveCfg = Debug|Any CPU
		{529AE8EA-224D-47A1-A1A2-6905CAB87CF0}.Debug|Any CPU.Build.0 = Debug|Any CPU
		{529AE8EA-224D-47A1-A1A2-6905CAB87CF0}.Release|Any CPU.ActiveCfg = Release|Any CPU
		{529AE8EA-224D-47A1-A1A2-6905CAB87CF0}.Release|Any CPU.Build.0 = Release|Any CPU
		{2602600E-35E7-4186-AACB-82F04A769F62}.Debug|Any CPU.ActiveCfg = Debug|Any CPU
		{2602600E-35E7-4186-AACB-82F04A769F62}.Debug|Any CPU.Build.0 = Debug|Any CPU
		{2602600E-35E7-4186-AACB-82F04A769F62}.Release|Any CPU.ActiveCfg = Release|Any CPU
		{2602600E-35E7-4186-AACB-82F04A769F62}.Release|Any CPU.Build.0 = Release|Any CPU
	EndGlobalSection
	GlobalSection(SolutionProperties) = preSolution
		HideSolutionNode = FALSE
	EndGlobalSection
	GlobalSection(ExtensibilityGlobals) = postSolution
		SolutionGuid = {B58915C5-604A-4B00-9AFF-64E5A6FE2C6E}
	EndGlobalSection
EndGlobal
